<?xml version="1.0" encoding="UTF-8" standalone="yes" ?>
<CodeBlocks_project_file>
	<FileVersion major="1" minor="6" />
	<Project>
		<Option title="LoLCamera" />
		<Option pch_mode="2" />
		<Option compiler="gcc" />
		<Build>
			<Target title="Debug">
				<Option output="bin\Debug\LoLCamera" prefix_auto="1" extension_auto="1" />
				<Option object_output="obj\Debug\" />
				<Option type="1" />
				<Option compiler="gcc" />
				<Compiler>
					<Add option="-g" />
					<Add option="-DDEBUG" />
				</Compiler>
			</Target>
			<Target title="Release">
				<Option output="bin\Release\LoLCamera" prefix_auto="1" extension_auto="1" />
				<Option object_output="obj\Release\" />
				<Option type="1" />
				<Option compiler="gcc" />
				<Compiler>
					<Add option="-O2" />
				</Compiler>
				<Linker>
					<Add option="-s" />
				</Linker>
			</Target>
		</Build>
		<Compiler>
			<Add option="-Wall" />
			<Add option="-fgnu89-inline" />
			<Add option="-std=gnu99" />
			<Add option="-masm=intel" />
		</Compiler>
		<Linker>
			<Add library="wsock32" />
		</Linker>
		<Unit filename="BbQueue\BbQueue.c">
			<Option compilerVar="CC" />
		</Unit>
		<Unit filename="BbQueue\BbQueue.h" />
		<Unit filename="EasySocket\EasySocket.c">
			<Option compilerVar="CC" />
		</Unit>
		<Unit filename="EasySocket\EasySocket.h" />
		<Unit filename="Event\Event.c">
			<Option compilerVar="CC" />
		</Unit>
		<Unit filename="Event\Event.h" />
		<Unit filename="IniParser\IniParser.c">
			<Option compilerVar="CC" />
		</Unit>
		<Unit filename="IniParser\IniParser.h" />
		<Unit filename="LoLCamera.ini" />
		<Unit filename="LoLCamera\CameraSettings.c">
			<Option compilerVar="CC" />
		</Unit>
		<Unit filename="LoLCamera\CameraSettings.h" />
		<Unit filename="LoLCamera\CameraUnitTest.c">
			<Option compilerVar="CC" />
		</Unit>
		<Unit filename="LoLCamera\CameraUnitTest.h" />
		<Unit filename="LoLCamera\Entity.c">
			<Option compilerVar="CC" />
		</Unit>
		<Unit filename="LoLCamera\Entity.h" />
		<Unit filename="LoLCamera\LoLCamera.c">
			<Option compilerVar="CC" />
		</Unit>
		<Unit filename="LoLCamera\LoLCamera.h" />
		<Unit filename="LoLCamera\LoLCameraMem.c">
			<Option compilerVar="CC" />
		</Unit>
		<Unit filename="MemBuffer\MemBuffer.c">
			<Option compilerVar="CC" />
		</Unit>
		<Unit filename="MemBuffer\MemBuffer.h" />
		<Unit filename="MemPos\MemPos.c">
			<Option compilerVar="CC" />
		</Unit>
		<Unit filename="MemPos\MemPos.h" />
		<Unit filename="MemProc\MemChunk.c">
			<Option compilerVar="CC" />
		</Unit>
		<Unit filename="MemProc\MemChunk.h" />
		<Unit filename="MemProc\MemProc.c">
			<Option compilerVar="CC" />
		</Unit>
		<Unit filename="MemProc\MemProc.h" />
		<Unit filename="Patcher\Patcher.c">
			<Option compilerVar="CC" />
		</Unit>
		<Unit filename="Patcher\Patcher.h" />
		<Unit filename="Scanner\Scanner.c">
			<Option compilerVar="CC" />
		</Unit>
		<Unit filename="Scanner\Scanner.h" />
		<Unit filename="Vector\Vector2D.c">
			<Option compilerVar="CC" />
		</Unit>
		<Unit filename="Vector\Vector2D.h" />
		<Unit filename="Win32Tools\Win32Tools.c">
			<Option compilerVar="CC" />
		</Unit>
		<Unit filename="Win32Tools\Win32Tools.h" />
		<Unit filename="Ztring\Ztring.c">
			<Option compilerVar="CC" />
		</Unit>
		<Unit filename="Ztring\Ztring.h" />
		<Unit filename="icon.rc">
			<Option compilerVar="WINDRES" />
		</Unit>
		<Unit filename="main.c">
			<Option compilerVar="CC" />
		</Unit>
		<Unit filename="patchnotes.txt" />
		<Extensions>
			<code_completion />
			<debugger />
		</Extensions>
	</Project>
</CodeBlocks_project_file>
